{
  "lockfile_version": "1",
  "packages": {
    "awscli2@latest": {
      "last_modified": "2025-05-19T23:16:24Z",
      "resolved": "github:NixOS/nixpkgs/359c442b7d1f6229c1dc978116d32d6c07fe8440#awscli2",
      "source": "devbox-search",
      "version": "2.27.2",
      "systems": {
        "aarch64-darwin": {
          "outputs": [
            {
              "name": "out",
              "path": "/nix/store/b5fa0fplfpiyx8zwc9y7d08a57lsk229-awscli2-2.27.2",
              "default": true
            },
            {
              "name": "dist",
              "path": "/nix/store/sc270lyggbhz78lcxh9khqmggayqpp6i-awscli2-2.27.2-dist"
            }
          ],
          "store_path": "/nix/store/b5fa0fplfpiyx8zwc9y7d08a57lsk229-awscli2-2.27.2"
        },
        "aarch64-linux": {
          "outputs": [
            {
              "name": "out",
              "path": "/nix/store/161s22pbddllc4mabgr5rvrpmhiffsp4-awscli2-2.27.2",
              "default": true
            },
            {
              "name": "dist",
              "path": "/nix/store/ss8xqzwn1l8qdbwlml439bx1ik13vxlk-awscli2-2.27.2-dist"
            }
          ],
          "store_path": "/nix/store/161s22pbddllc4mabgr5rvrpmhiffsp4-awscli2-2.27.2"
        },
        "x86_64-darwin": {
          "outputs": [
            {
              "name": "out",
              "path": "/nix/store/l18j8wgidf145m0zw6ydg8blim44hrkq-awscli2-2.27.2",
              "default": true
            },
            {
              "name": "dist",
              "path": "/nix/store/q9rzj2ikpl9vn4sns3ydsy7i8sachnha-awscli2-2.27.2-dist"
            }
          ],
          "store_path": "/nix/store/l18j8wgidf145m0zw6ydg8blim44hrkq-awscli2-2.27.2"
        },
        "x86_64-linux": {
          "outputs": [
            {
              "name": "out",
              "path": "/nix/store/gx3hx0b3lbm11sishxl4k7a7ha4w405q-awscli2-2.27.2",
              "default": true
            },
            {
              "name": "dist",
              "path": "/nix/store/r5cw3141myaf5lnzra9c0nc8prb2zv6y-awscli2-2.27.2-dist"
            }
          ],
          "store_path": "/nix/store/gx3hx0b3lbm11sishxl4k7a7ha4w405q-awscli2-2.27.2"
        }
      }
    },
    "github:NixOS/nixpkgs/nixpkgs-unstable": {
      "last_modified": "2025-06-08T07:56:50Z",
      "resolved": "github:NixOS/nixpkgs/8207ad0d501dd3590e0e81a7c56b386a5c4342c9?lastModified=1749369410&narHash=sha256-P1eYm8bewiyWg3QaPCHrOp6iWg%2F7ESi%2FaGHT4yilyNo%3D"
    },
    "just@latest": {
      "last_modified": "2025-06-05T08:10:37Z",
      "resolved": "github:NixOS/nixpkgs/ec62ae342c340d24289735e31eb9155261cd5fe7#just",
      "source": "devbox-search",
      "version": "1.40.0",
      "systems": {
        "aarch64-darwin": {
          "outputs": [
            {
              "name": "out",
              "path": "/nix/store/w0s0f89zcpwl9ipygxiihba0j6fgwnyq-just-1.40.0",
              "default": true
            },
            {
              "name": "man",
              "path": "/nix/store/2qma0wrxkqxaqv1s8h6f908slqwfbvkj-just-1.40.0-man",
              "default": true
            },
            {
              "name": "doc",
              "path": "/nix/store/kck98fyp78wyq5v5pbdvi2alql3kphbl-just-1.40.0-doc"
            }
          ],
          "store_path": "/nix/store/w0s0f89zcpwl9ipygxiihba0j6fgwnyq-just-1.40.0"
        },
        "aarch64-linux": {
          "outputs": [
            {
              "name": "out",
              "path": "/nix/store/xz278vbk5040d07xsx95b59848m6nd3w-just-1.40.0",
              "default": true
            },
            {
              "name": "man",
              "path": "/nix/store/iyd406bfh3naws155rxzgbyplpk9fzh4-just-1.40.0-man",
              "default": true
            },
            {
              "name": "doc",
              "path": "/nix/store/rdyw3qm6bvr72xn1x8ppv2v446nqnxn0-just-1.40.0-doc"
            }
          ],
          "store_path": "/nix/store/xz278vbk5040d07xsx95b59848m6nd3w-just-1.40.0"
        },
        "x86_64-darwin": {
          "outputs": [
            {
              "name": "out",
              "path": "/nix/store/j23s9ylivcxwwxmwwm3afpxj6338m86r-just-1.40.0",
              "default": true
            },
            {
              "name": "man",
              "path": "/nix/store/qgjwgpk4isravm4w7y24m313878nfjnb-just-1.40.0-man",
              "default": true
            },
            {
              "name": "doc",
              "path": "/nix/store/vrr9idsznzv7m1n54287pl39kh6n6a22-just-1.40.0-doc"
            }
          ],
          "store_path": "/nix/store/j23s9ylivcxwwxmwwm3afpxj6338m86r-just-1.40.0"
        },
        "x86_64-linux": {
          "outputs": [
            {
              "name": "out",
              "path": "/nix/store/gcwzmx1qrjyjpfs4a655wc2wq753w6sm-just-1.40.0",
              "default": true
            },
            {
              "name": "man",
              "path": "/nix/store/rl9q2hs0wyy5z51sg20jwqknimhda81s-just-1.40.0-man",
              "default": true
            },
            {
              "name": "doc",
              "path": "/nix/store/b9mc1x9d3xbgbxjkw5hmlzk6ww17029d-just-1.40.0-doc"
            }
          ],
          "store_path": "/nix/store/gcwzmx1qrjyjpfs4a655wc2wq753w6sm-just-1.40.0"
        }
      }
    },
    "python@latest": {
      "last_modified": "2025-05-16T20:19:48Z",
      "plugin_version": "0.0.4",
      "resolved": "github:NixOS/nixpkgs/12a55407652e04dcf2309436eb06fef0d3713ef3#python313",
      "source": "devbox-search",
      "version": "3.13.3",
      "systems": {
        "aarch64-darwin": {
          "outputs": [
            {
              "name": "out",
              "path": "/nix/store/1a8xg8l3m67hxinxzzcsak9736qm9vsf-python3-3.13.3",
              "default": true
            }
          ],
          "store_path": "/nix/store/1a8xg8l3m67hxinxzzcsak9736qm9vsf-python3-3.13.3"
        },
        "aarch64-linux": {
          "outputs": [
            {
              "name": "out",
              "path": "/nix/store/yy0xvc2rydhrs0h1v8d7r3sql347xzz5-python3-3.13.3",
              "default": true
            },
            {
              "name": "debug",
              "path": "/nix/store/42bxfqfrh8cwspl7szr0cw8739xv8qlq-python3-3.13.3-debug"
            }
          ],
          "store_path": "/nix/store/yy0xvc2rydhrs0h1v8d7r3sql347xzz5-python3-3.13.3"
        },
        "x86_64-darwin": {
          "outputs": [
            {
              "name": "out",
              "path": "/nix/store/gbrigjhghz9v2p0zf9b2fnvs0g0yx7q4-python3-3.13.3",
              "default": true
            }
          ],
          "store_path": "/nix/store/gbrigjhghz9v2p0zf9b2fnvs0g0yx7q4-python3-3.13.3"
        },
        "x86_64-linux": {
          "outputs": [
            {
              "name": "out",
              "path": "/nix/store/2mab9iiwhcqwk75qwvp3zv0bvbiaq6cs-python3-3.13.3",
              "default": true
            },
            {
              "name": "debug",
              "path": "/nix/store/9z6k8ijl2md0y2n95yprbjj4vxbfsi15-python3-3.13.3-debug"
            }
          ],
          "store_path": "/nix/store/2mab9iiwhcqwk75qwvp3zv0bvbiaq6cs-python3-3.13.3"
        }
      }
    },
    "uv@latest": {
      "last_modified": "2025-06-17T01:11:27Z",
      "resolved": "github:NixOS/nixpkgs/c539ae8d21e49776966d714f82fba33b1fca78bc#uv",
      "source": "devbox-search",
      "version": "0.7.13",
      "systems": {
        "aarch64-darwin": {
          "outputs": [
            {
              "name": "out",
              "path": "/nix/store/60wl696zlnnj1sq1rkb3kxny5wzxirbi-uv-0.7.13",
              "default": true
            }
          ],
          "store_path": "/nix/store/60wl696zlnnj1sq1rkb3kxny5wzxirbi-uv-0.7.13"
        },
        "aarch64-linux": {
          "outputs": [
            {
              "name": "out",
              "path": "/nix/store/a4s894q0vdnkbx18r2prfyhl3xzf8lri-uv-0.7.13",
              "default": true
            }
          ],
          "store_path": "/nix/store/a4s894q0vdnkbx18r2prfyhl3xzf8lri-uv-0.7.13"
        },
        "x86_64-darwin": {
          "outputs": [
            {
              "name": "out",
              "path": "/nix/store/ma157b9bqjxrgwwc3s8lil9i1a3d5sh4-uv-0.7.13",
              "default": true
            }
          ],
          "store_path": "/nix/store/ma157b9bqjxrgwwc3s8lil9i1a3d5sh4-uv-0.7.13"
        },
        "x86_64-linux": {
          "outputs": [
            {
              "name": "out",
              "path": "/nix/store/xdr4fddncn2sz5asjrfls4ajpsw6j5qw-uv-0.7.13",
              "default": true
            }
          ],
          "store_path": "/nix/store/xdr4fddncn2sz5asjrfls4ajpsw6j5qw-uv-0.7.13"
        }
      }
    }
  }
}
