{
  "lockfile_version": "1",
  "packages": {
    "awscli2@latest": {
      "last_modified": "2025-05-19T23:16:24Z",
      "resolved": "github:NixOS/nixpkgs/359c442b7d1f6229c1dc978116d32d6c07fe8440#awscli2",
      "source": "devbox-search",
      "version": "2.27.2",
      "systems": {
        "aarch64-darwin": {
          "outputs": [
            {
              "name": "out",
              "path": "/nix/store/b5fa0fplfpiyx8zwc9y7d08a57lsk229-awscli2-2.27.2",
              "default": true
            },
            {
              "name": "dist",
              "path": "/nix/store/sc270lyggbhz78lcxh9khqmggayqpp6i-awscli2-2.27.2-dist"
            }
          ],
          "store_path": "/nix/store/b5fa0fplfpiyx8zwc9y7d08a57lsk229-awscli2-2.27.2"
        },
        "aarch64-linux": {
          "outputs": [
            {
              "name": "out",
              "path": "/nix/store/161s22pbddllc4mabgr5rvrpmhiffsp4-awscli2-2.27.2",
              "default": true
            },
            {
              "name": "dist",
              "path": "/nix/store/ss8xqzwn1l8qdbwlml439bx1ik13vxlk-awscli2-2.27.2-dist"
            }
          ],
          "store_path": "/nix/store/161s22pbddllc4mabgr5rvrpmhiffsp4-awscli2-2.27.2"
        },
        "x86_64-darwin": {
          "outputs": [
            {
              "name": "out",
              "path": "/nix/store/l18j8wgidf145m0zw6ydg8blim44hrkq-awscli2-2.27.2",
              "default": true
            },
            {
              "name": "dist",
              "path": "/nix/store/q9rzj2ikpl9vn4sns3ydsy7i8sachnha-awscli2-2.27.2-dist"
            }
          ],
          "store_path": "/nix/store/l18j8wgidf145m0zw6ydg8blim44hrkq-awscli2-2.27.2"
        },
        "x86_64-linux": {
          "outputs": [
            {
              "name": "out",
              "path": "/nix/store/gx3hx0b3lbm11sishxl4k7a7ha4w405q-awscli2-2.27.2",
              "default": true
            },
            {
              "name": "dist",
              "path": "/nix/store/r5cw3141myaf5lnzra9c0nc8prb2zv6y-awscli2-2.27.2-dist"
            }
          ],
          "store_path": "/nix/store/gx3hx0b3lbm11sishxl4k7a7ha4w405q-awscli2-2.27.2"
        }
      }
    },
    "git@latest": {
      "last_modified": "2025-05-16T20:19:48Z",
      "resolved": "github:NixOS/nixpkgs/12a55407652e04dcf2309436eb06fef0d3713ef3#git",
      "source": "devbox-search",
      "version": "2.49.0",
      "systems": {
        "aarch64-darwin": {
          "outputs": [
            {
              "name": "out",
              "path": "/nix/store/9pa6rygnkrdp03j4ba0w6yb5qid5x3qb-git-2.49.0",
              "default": true
            },
            {
              "name": "doc",
              "path": "/nix/store/4a1f3ymqasdx2sfwn615n6x6z15qk5nd-git-2.49.0-doc"
            }
          ],
          "store_path": "/nix/store/9pa6rygnkrdp03j4ba0w6yb5qid5x3qb-git-2.49.0"
        },
        "aarch64-linux": {
          "outputs": [
            {
              "name": "out",
              "path": "/nix/store/bqk89pw1wmjzrqi20vqz194ylfhl5cnm-git-2.49.0",
              "default": true
            },
            {
              "name": "doc",
              "path": "/nix/store/ll9hlbwp3vvihpx2p2g7mykrl2a4snk4-git-2.49.0-doc"
            },
            {
              "name": "debug",
              "path": "/nix/store/ypv73aihzciz9x12imf5dvz4qkn4wakd-git-2.49.0-debug"
            }
          ],
          "store_path": "/nix/store/bqk89pw1wmjzrqi20vqz194ylfhl5cnm-git-2.49.0"
        },
        "x86_64-darwin": {
          "outputs": [
            {
              "name": "out",
              "path": "/nix/store/38kaic6dax0nkj4xwnyysmlwzdlrfdfr-git-2.49.0",
              "default": true
            },
            {
              "name": "doc",
              "path": "/nix/store/0544ir9xg154jsb00i0881ggpafyw4nc-git-2.49.0-doc"
            }
          ],
          "store_path": "/nix/store/38kaic6dax0nkj4xwnyysmlwzdlrfdfr-git-2.49.0"
        },
        "x86_64-linux": {
          "outputs": [
            {
              "name": "out",
              "path": "/nix/store/805a5wv1cyah5awij184yfad1ksmbh9f-git-2.49.0",
              "default": true
            },
            {
              "name": "doc",
              "path": "/nix/store/7dfxlvdhr5g57b1v8gxwpa2gs7i9g3y5-git-2.49.0-doc"
            },
            {
              "name": "debug",
              "path": "/nix/store/6nibw5w4xay921qx7lp74bs10qsqp0g9-git-2.49.0-debug"
            }
          ],
          "store_path": "/nix/store/805a5wv1cyah5awij184yfad1ksmbh9f-git-2.49.0"
        }
      }
    },
    "github:NixOS/nixpkgs/nixpkgs-unstable": {
      "last_modified": "2025-06-22T15:15:55Z",
      "resolved": "github:NixOS/nixpkgs/3078b9a9e75f1790e6d6ef9955fdc6a2d1740cc6?lastModified=1750605355&narHash=sha256-xT8cPLTxlktxI9vSdoBlAVK7dXgd8IK59j7ZwzkkhnI%3D"
    },
    "python@3.13": {
      "last_modified": "2025-05-16T20:19:48Z",
      "plugin_version": "0.0.4",
      "resolved": "github:NixOS/nixpkgs/12a55407652e04dcf2309436eb06fef0d3713ef3#python313",
      "source": "devbox-search",
      "version": "3.13.3",
      "systems": {
        "aarch64-darwin": {
          "outputs": [
            {
              "name": "out",
              "path": "/nix/store/1a8xg8l3m67hxinxzzcsak9736qm9vsf-python3-3.13.3",
              "default": true
            }
          ],
          "store_path": "/nix/store/1a8xg8l3m67hxinxzzcsak9736qm9vsf-python3-3.13.3"
        },
        "aarch64-linux": {
          "outputs": [
            {
              "name": "out",
              "path": "/nix/store/yy0xvc2rydhrs0h1v8d7r3sql347xzz5-python3-3.13.3",
              "default": true
            },
            {
              "name": "debug",
              "path": "/nix/store/42bxfqfrh8cwspl7szr0cw8739xv8qlq-python3-3.13.3-debug"
            }
          ],
          "store_path": "/nix/store/yy0xvc2rydhrs0h1v8d7r3sql347xzz5-python3-3.13.3"
        },
        "x86_64-darwin": {
          "outputs": [
            {
              "name": "out",
              "path": "/nix/store/gbrigjhghz9v2p0zf9b2fnvs0g0yx7q4-python3-3.13.3",
              "default": true
            }
          ],
          "store_path": "/nix/store/gbrigjhghz9v2p0zf9b2fnvs0g0yx7q4-python3-3.13.3"
        },
        "x86_64-linux": {
          "outputs": [
            {
              "name": "out",
              "path": "/nix/store/2mab9iiwhcqwk75qwvp3zv0bvbiaq6cs-python3-3.13.3",
              "default": true
            },
            {
              "name": "debug",
              "path": "/nix/store/9z6k8ijl2md0y2n95yprbjj4vxbfsi15-python3-3.13.3-debug"
            }
          ],
          "store_path": "/nix/store/2mab9iiwhcqwk75qwvp3zv0bvbiaq6cs-python3-3.13.3"
        }
      }
    },
    "uv@latest": {
      "last_modified": "2025-06-17T01:11:27Z",
      "resolved": "github:NixOS/nixpkgs/c539ae8d21e49776966d714f82fba33b1fca78bc#uv",
      "source": "devbox-search",
      "version": "0.7.13",
      "systems": {
        "aarch64-darwin": {
          "outputs": [
            {
              "name": "out",
              "path": "/nix/store/60wl696zlnnj1sq1rkb3kxny5wzxirbi-uv-0.7.13",
              "default": true
            }
          ],
          "store_path": "/nix/store/60wl696zlnnj1sq1rkb3kxny5wzxirbi-uv-0.7.13"
        },
        "aarch64-linux": {
          "outputs": [
            {
              "name": "out",
              "path": "/nix/store/a4s894q0vdnkbx18r2prfyhl3xzf8lri-uv-0.7.13",
              "default": true
            }
          ],
          "store_path": "/nix/store/a4s894q0vdnkbx18r2prfyhl3xzf8lri-uv-0.7.13"
        },
        "x86_64-darwin": {
          "outputs": [
            {
              "name": "out",
              "path": "/nix/store/ma157b9bqjxrgwwc3s8lil9i1a3d5sh4-uv-0.7.13",
              "default": true
            }
          ],
          "store_path": "/nix/store/ma157b9bqjxrgwwc3s8lil9i1a3d5sh4-uv-0.7.13"
        },
        "x86_64-linux": {
          "outputs": [
            {
              "name": "out",
              "path": "/nix/store/xdr4fddncn2sz5asjrfls4ajpsw6j5qw-uv-0.7.13",
              "default": true
            }
          ],
          "store_path": "/nix/store/xdr4fddncn2sz5asjrfls4ajpsw6j5qw-uv-0.7.13"
        }
      }
    }
  }
}
